
Microsoft Visual Studio Solution File, Format Version 12.00
# Visual Studio Version 17
VisualStudioVersion = 17.6.33815.320
MinimumVisualStudioVersion = 10.0.40219.1
Project("{FAE04EC0-301F-11D3-BF4B-00C04F79EFBC}") = "Bank", "Bank\Bank.csproj", "{B283C5C7-06E1-41CA-BE6F-9813515A82B7}"
EndProject
Project("{FAE04EC0-301F-11D3-BF4B-00C04F79EFBC}") = "BankTests", "BankTests\BankTests.csproj", "{EE64BBAC-4595-46FB-B265-529024C2DE63}"
EndProject
Global
	GlobalSection(SolutionConfigurationPlatforms) = preSolution
		Debug|Any CPU = Debug|Any CPU
		Release|Any CPU = Release|Any CPU
	EndGlobalSection
	GlobalSection(ProjectConfigurationPlatforms) = postSolution
		{B283C5C7-06E1-41CA-BE6F-9813515A82B7}.Debug|Any CPU.ActiveCfg = Debug|Any CPU
		{B283C5C7-06E1-41CA-BE6F-9813515A82B7}.Debug|Any CPU.Build.0 = Debug|Any CPU
		{B283C5C7-06E1-41CA-BE6F-9813515A82B7}.Release|Any CPU.ActiveCfg = Release|Any CPU
		{B283C5C7-06E1-41CA-BE6F-9813515A82B7}.Release|Any CPU.Build.0 = Release|Any CPU
		{EE64BBAC-4595-46FB-B265-529024C2DE63}.Debug|Any CPU.ActiveCfg = Debug|Any CPU
		{EE64BBAC-4595-46FB-B265-529024C2DE63}.Debug|Any CPU.Build.0 = Debug|Any CPU
		{EE64BBAC-4595-46FB-B265-529024C2DE63}.Release|Any CPU.ActiveCfg = Release|Any CPU
		{EE64BBAC-4595-46FB-B265-529024C2DE63}.Release|Any CPU.Build.0 = Release|Any CPU
	EndGlobalSection
	GlobalSection(SolutionProperties) = preSolution
		HideSolutionNode = FALSE
	EndGlobalSection
	GlobalSection(ExtensibilityGlobals) = postSolution
		SolutionGuid = {44D5EF6E-4939-457F-96DD-A10B57852899}
	EndGlobalSection
EndGlobal
